Microsoft Visual Studio Solution File, Format Version 12.00
# Visual Studio Version 17
VisualStudioVersion = 17.5.2.0
MinimumVisualStudioVersion = 10.0.40219.1
Project("{FAE04EC0-301F-11D3-BF4B-00C04F79EFBC}") = "WordReveal", "WordReveal\WordReveal.csproj", "{11083ED7-E65C-2038-1B9A-03FC698E85AE}"
EndProject
Project("{FAE04EC0-301F-11D3-BF4B-00C04F79EFBC}") = "WordReveal.Tests", "WordReveal.Tests\WordReveal.Tests.csproj", "{24A580C6-1082-C631-230D-D65975B4A62F}"
EndProject
Global
	GlobalSection(SolutionConfigurationPlatforms) = preSolution
		Debug|Any CPU = Debug|Any CPU
		Release|Any CPU = Release|Any CPU
	EndGlobalSection
	GlobalSection(ProjectConfigurationPlatforms) = postSolution
		{11083ED7-E65C-2038-1B9A-03FC698E85AE}.Debug|Any CPU.ActiveCfg = Debug|Any CPU
		{11083ED7-E65C-2038-1B9A-03FC698E85AE}.Debug|Any CPU.Build.0 = Debug|Any CPU
		{11083ED7-E65C-2038-1B9A-03FC698E85AE}.Release|Any CPU.ActiveCfg = Release|Any CPU
		{11083ED7-E65C-2038-1B9A-03FC698E85AE}.Release|Any CPU.Build.0 = Release|Any CPU
		{24A580C6-1082-C631-230D-D65975B4A62F}.Debug|Any CPU.ActiveCfg = Debug|Any CPU
		{24A580C6-1082-C631-230D-D65975B4A62F}.Debug|Any CPU.Build.0 = Debug|Any CPU
		{24A580C6-1082-C631-230D-D65975B4A62F}.Release|Any CPU.ActiveCfg = Release|Any CPU
		{24A580C6-1082-C631-230D-D65975B4A62F}.Release|Any CPU.Build.0 = Release|Any CPU
	EndGlobalSection
	GlobalSection(SolutionProperties) = preSolution
		HideSolutionNode = FALSE
	EndGlobalSection
	GlobalSection(ExtensibilityGlobals) = postSolution
		SolutionGuid = {AEB51E86-96C5-4CBF-BD67-A86968ECC8E1}
	EndGlobalSection
EndGlobal
